<?xml version="1.0" encoding="UTF-8" standalone="yes" ?>
<CodeBlocks_project_file>
	<FileVersion major="1" minor="6" />
	<Project>
		<Option title="hhugboy" />
		<Option pch_mode="2" />
		<Option compiler="gcc" />
		<Build>
			<Target title="default">
				<Option output="../bin/hhugboy" prefix_auto="1" extension_auto="1" />
				<Option object_output="../obj" />
				<Option type="0" />
				<Option compiler="gcc" />
			</Target>
		</Build>
		<Compiler>
			<Add option="-m32" />
			<Add directory='&quot;C:/Program Files (x86)/Microsoft DirectX SDK (August 2009)/Include&quot;' />
			<Add directory="C:/png/png++-0.2.5/png++-0.2.5" />
			<Add directory="../includes/libpng12/" />
			<Add directory="../includes/zlib/" />
			<Add directory="../includes/" />
		</Compiler>
		<Linker>
			<Add option="-m32" />
			<Add option="../libs/libdxguid.a" />
			<Add option="../libs/libddraw.a" />
			<Add option="../libs/libdinput.a" />
			<Add option="../libs/libdinput8.a" />
			<Add option="../libs/libfmod.a" />
			<Add option="../libs/libz.a" />
			<Add option="../libs/libwinmm.a" />
			<Add option="../libs/libpng12.dll.a" />
			<Add directory='&quot;C:/Program Files (x86)/Microsoft DirectX SDK (August 2009)/Lib/x86&quot;' />
		</Linker>
		<Unit filename="../src/GB.cpp" />
		<Unit filename="../src/GB.h" />
		<Unit filename="../src/GB_MBC.cpp" />
		<Unit filename="../src/GB_gfx.cpp" />
		<Unit filename="../src/GB_gfx.h" />
		<Unit filename="../src/GB_ioregs.cpp" />
		<Unit filename="../src/GB_mem.cpp" />
		<Unit filename="../src/GB_sound.cpp" />
		<Unit filename="../src/SGB.cpp" />
		<Unit filename="../src/SGB.h" />
		<Unit filename="../src/cheats.cpp" />
		<Unit filename="../src/cheats.h" />
		<Unit filename="../src/config.cpp" />
		<Unit filename="../src/config.h" />
		<Unit filename="../src/cpu.cpp" />
		<Unit filename="../src/cpu.h" />
		<Unit filename="../src/cpucore.h" />
		<Unit filename="../src/debug.cpp" />
		<Unit filename="../src/debug.h" />
		<Unit filename="../src/devices.cpp" />
		<Unit filename="../src/devices.h" />
		<Unit filename="../src/dialogs.cpp" />
		<Unit filename="../src/dialogs.h" />
		<Unit filename="../src/directdraw.cpp" />
		<Unit filename="../src/directdraw.h" />
		<Unit filename="../src/directinput.cpp" />
		<Unit filename="../src/directinput.h" />
		<Unit filename="../src/filters.cpp" />
		<Unit filename="../src/filters.h" />
		<Unit filename="../src/keynames.h" />
		<Unit filename="../src/licnames.h" />
		<Unit filename="../src/main.cpp" />
		<Unit filename="../src/main.h" />
		<Unit filename="../src/mainloop.cpp" />
		<Unit filename="../src/mainloop.h" />
		<Unit filename="../src/menu.cpp" />
		<Unit filename="../src/menu.h" />
		<Unit filename="../src/menu.rc">
			<Option compilerVar="CPP" />
		</Unit>
		<Unit filename="../src/options.h" />
		<Unit filename="../src/palette.cpp" />
		<Unit filename="../src/palette.h" />
		<Unit filename="../src/render.cpp" />
		<Unit filename="../src/render.h" />
		<Unit filename="../src/renderer.cpp" />
		<Unit filename="../src/renderer.h" />
		<Unit filename="../src/rom.cpp" />
		<Unit filename="../src/rom.h" />
		<Unit filename="../src/scale2x.cpp" />
		<Unit filename="../src/scale2x.h" />
		<Unit filename="../src/scale3x.cpp" />
		<Unit filename="../src/scale3x.h" />
		<Unit filename="../src/sound.h" />
		<Unit filename="../src/strings.cpp" />
		<Unit filename="../src/strings.h" />
		<Unit filename="../src/types.h" />
		<Unit filename="../src/version.rc">
			<Option compilerVar="WINDRES" />
		</Unit>
		<Unit filename="../src/zlib/unzip.c">
			<Option compilerVar="CPP" />
		</Unit>
		<Unit filename="../src/zlib/unzip.h" />
		<Extensions>
			<code_completion />
			<envvars />
			<debugger />
		</Extensions>
	</Project>
</CodeBlocks_project_file>
